// !$*UTF8*$!
{
	archiveVersion = 1;
	classes = {
	};
	objectVersion = 46;
	objects = {

/* Begin PBXBuildFile section */
		C108CDE61C48CEDF00849923 /* LoadingCell.xib in Resources */ = {isa = PBXBuildFile; fileRef = C108CDE51C48CEDF00849923 /* LoadingCell.xib */; };
		C18AD41B1C3FEEEC00AA4CFD /* AppDelegate.swift in Sources */ = {isa = PBXBuildFile; fileRef = C18AD41A1C3FEEEC00AA4CFD /* AppDelegate.swift */; };
		C18AD41D1C3FEEEC00AA4CFD /* SearchViewController.swift in Sources */ = {isa = PBXBuildFile; fileRef = C18AD41C1C3FEEEC00AA4CFD /* SearchViewController.swift */; };
		C18AD4201C3FEEEC00AA4CFD /* Main.storyboard in Resources */ = {isa = PBXBuildFile; fileRef = C18AD41E1C3FEEEC00AA4CFD /* Main.storyboard */; };
		C18AD4301C3FEEEC00AA4CFD /* StoreSearchTests.swift in Sources */ = {isa = PBXBuildFile; fileRef = C18AD42F1C3FEEEC00AA4CFD /* StoreSearchTests.swift */; };
		C18AD43B1C3FEEEC00AA4CFD /* StoreSearchUITests.swift in Sources */ = {isa = PBXBuildFile; fileRef = C18AD43A1C3FEEEC00AA4CFD /* StoreSearchUITests.swift */; };
		C18B812F1C4A173E00322E8D /* UIImageView+DownloadImage.swift in Sources */ = {isa = PBXBuildFile; fileRef = C18B812E1C4A173E00322E8D /* UIImageView+DownloadImage.swift */; };
		C18E700E1C426C3A002E134F /* SearchResult.swift in Sources */ = {isa = PBXBuildFile; fileRef = C18E700D1C426C3A002E134F /* SearchResult.swift */; };
		C18E70101C4271C5002E134F /* SearchResultCell.xib in Resources */ = {isa = PBXBuildFile; fileRef = C18E700F1C4271C5002E134F /* SearchResultCell.xib */; };
		C18E70121C4275DC002E134F /* SearchResultCell.swift in Sources */ = {isa = PBXBuildFile; fileRef = C18E70111C4275DC002E134F /* SearchResultCell.swift */; };
		C19991241C42C6FF0060B9C1 /* Assets.xcassets in Resources */ = {isa = PBXBuildFile; fileRef = C19991231C42C6FF0060B9C1 /* Assets.xcassets */; };
		C19B47071C43615D00809AF9 /* NothingFoundCell.xib in Resources */ = {isa = PBXBuildFile; fileRef = C19B47061C43615D00809AF9 /* NothingFoundCell.xib */; };
		C1C22ED11C4B55AC00A0E7AB /* DetailViewController.swift in Sources */ = {isa = PBXBuildFile; fileRef = C1C22ED01C4B55AC00A0E7AB /* DetailViewController.swift */; };
		C1C22ED31C4B5AD700A0E7AB /* DimmingPresentationController.swift in Sources */ = {isa = PBXBuildFile; fileRef = C1C22ED21C4B5AD700A0E7AB /* DimmingPresentationController.swift */; };
/* End PBXBuildFile section */

/* Begin PBXContainerItemProxy section */
		C18AD42C1C3FEEEC00AA4CFD /* PBXContainerItemProxy */ = {
			isa = PBXContainerItemProxy;
			containerPortal = C18AD40F1C3FEEEC00AA4CFD /* Project object */;
			proxyType = 1;
			remoteGlobalIDString = C18AD4161C3FEEEC00AA4CFD;
			remoteInfo = StoreSearch;
		};
		C18AD4371C3FEEEC00AA4CFD /* PBXContainerItemProxy */ = {
			isa = PBXContainerItemProxy;
			containerPortal = C18AD40F1C3FEEEC00AA4CFD /* Project object */;
			proxyType = 1;
			remoteGlobalIDString = C18AD4161C3FEEEC00AA4CFD;
			remoteInfo = StoreSearch;
		};
/* End PBXContainerItemProxy section */

/* Begin PBXFileReference section */
		C108CDE51C48CEDF00849923 /* LoadingCell.xib */ = {isa = PBXFileReference; fileEncoding = 4; lastKnownFileType = file.xib; path = LoadingCell.xib; sourceTree = "<group>"; };
		C18AD4171C3FEEEC00AA4CFD /* StoreSearch.app */ = {isa = PBXFileReference; explicitFileType = wrapper.application; includeInIndex = 0; path = StoreSearch.app; sourceTree = BUILT_PRODUCTS_DIR; };
		C18AD41A1C3FEEEC00AA4CFD /* AppDelegate.swift */ = {isa = PBXFileReference; lastKnownFileType = sourcecode.swift; path = AppDelegate.swift; sourceTree = "<group>"; };
		C18AD41C1C3FEEEC00AA4CFD /* SearchViewController.swift */ = {isa = PBXFileReference; lastKnownFileType = sourcecode.swift; path = SearchViewController.swift; sourceTree = "<group>"; };
		C18AD41F1C3FEEEC00AA4CFD /* Base */ = {isa = PBXFileReference; lastKnownFileType = file.storyboard; name = Base; path = Base.lproj/Main.storyboard; sourceTree = "<group>"; };
		C18AD4261C3FEEEC00AA4CFD /* Info.plist */ = {isa = PBXFileReference; lastKnownFileType = text.plist.xml; path = Info.plist; sourceTree = "<group>"; };
		C18AD42B1C3FEEEC00AA4CFD /* StoreSearchTests.xctest */ = {isa = PBXFileReference; explicitFileType = wrapper.cfbundle; includeInIndex = 0; path = StoreSearchTests.xctest; sourceTree = BUILT_PRODUCTS_DIR; };
		C18AD42F1C3FEEEC00AA4CFD /* StoreSearchTests.swift */ = {isa = PBXFileReference; lastKnownFileType = sourcecode.swift; path = StoreSearchTests.swift; sourceTree = "<group>"; };
		C18AD4311C3FEEEC00AA4CFD /* Info.plist */ = {isa = PBXFileReference; lastKnownFileType = text.plist.xml; path = Info.plist; sourceTree = "<group>"; };
		C18AD4361C3FEEEC00AA4CFD /* StoreSearchUITests.xctest */ = {isa = PBXFileReference; explicitFileType = wrapper.cfbundle; includeInIndex = 0; path = StoreSearchUITests.xctest; sourceTree = BUILT_PRODUCTS_DIR; };
		C18AD43A1C3FEEEC00AA4CFD /* StoreSearchUITests.swift */ = {isa = PBXFileReference; lastKnownFileType = sourcecode.swift; path = StoreSearchUITests.swift; sourceTree = "<group>"; };
		C18AD43C1C3FEEEC00AA4CFD /* Info.plist */ = {isa = PBXFileReference; lastKnownFileType = text.plist.xml; path = Info.plist; sourceTree = "<group>"; };
		C18B812E1C4A173E00322E8D /* UIImageView+DownloadImage.swift */ = {isa = PBXFileReference; fileEncoding = 4; lastKnownFileType = sourcecode.swift; path = "UIImageView+DownloadImage.swift"; sourceTree = "<group>"; };
		C18E700D1C426C3A002E134F /* SearchResult.swift */ = {isa = PBXFileReference; fileEncoding = 4; lastKnownFileType = sourcecode.swift; path = SearchResult.swift; sourceTree = "<group>"; };
		C18E700F1C4271C5002E134F /* SearchResultCell.xib */ = {isa = PBXFileReference; fileEncoding = 4; lastKnownFileType = file.xib; path = SearchResultCell.xib; sourceTree = "<group>"; };
		C18E70111C4275DC002E134F /* SearchResultCell.swift */ = {isa = PBXFileReference; fileEncoding = 4; lastKnownFileType = sourcecode.swift; path = SearchResultCell.swift; sourceTree = "<group>"; };
		C19991231C42C6FF0060B9C1 /* Assets.xcassets */ = {isa = PBXFileReference; lastKnownFileType = folder.assetcatalog; path = Assets.xcassets; sourceTree = "<group>"; };
		C19B47061C43615D00809AF9 /* NothingFoundCell.xib */ = {isa = PBXFileReference; fileEncoding = 4; lastKnownFileType = file.xib; path = NothingFoundCell.xib; sourceTree = "<group>"; };
		C1C22ED01C4B55AC00A0E7AB /* DetailViewController.swift */ = {isa = PBXFileReference; fileEncoding = 4; lastKnownFileType = sourcecode.swift; path = DetailViewController.swift; sourceTree = "<group>"; };
		C1C22ED21C4B5AD700A0E7AB /* DimmingPresentationController.swift */ = {isa = PBXFileReference; fileEncoding = 4; lastKnownFileType = sourcecode.swift; path = DimmingPresentationController.swift; sourceTree = "<group>"; };
/* End PBXFileReference section */

/* Begin PBXFrameworksBuildPhase section */
		C18AD4141C3FEEEC00AA4CFD /* Frameworks */ = {
			isa = PBXFrameworksBuildPhase;
			buildActionMask = 2147483647;
			files = (
			);
			runOnlyForDeploymentPostprocessing = 0;
		};
		C18AD4281C3FEEEC00AA4CFD /* Frameworks */ = {
			isa = PBXFrameworksBuildPhase;
			buildActionMask = 2147483647;
			files = (
			);
			runOnlyForDeploymentPostprocessing = 0;
		};
		C18AD4331C3FEEEC00AA4CFD /* Frameworks */ = {
			isa = PBXFrameworksBuildPhase;
			buildActionMask = 2147483647;
			files = (
			);
			runOnlyForDeploymentPostprocessing = 0;
		};
/* End PBXFrameworksBuildPhase section */

/* Begin PBXGroup section */
		C18AD40E1C3FEEEC00AA4CFD = {
			isa = PBXGroup;
			children = (
				C18AD4191C3FEEEC00AA4CFD /* StoreSearch */,
				C18AD42E1C3FEEEC00AA4CFD /* StoreSearchTests */,
				C18AD4391C3FEEEC00AA4CFD /* StoreSearchUITests */,
				C18AD4181C3FEEEC00AA4CFD /* Products */,
			);
			sourceTree = "<group>";
		};
		C18AD4181C3FEEEC00AA4CFD /* Products */ = {
			isa = PBXGroup;
			children = (
				C18AD4171C3FEEEC00AA4CFD /* StoreSearch.app */,
				C18AD42B1C3FEEEC00AA4CFD /* StoreSearchTests.xctest */,
				C18AD4361C3FEEEC00AA4CFD /* StoreSearchUITests.xctest */,
			);
			name = Products;
			sourceTree = "<group>";
		};
		C18AD4191C3FEEEC00AA4CFD /* StoreSearch */ = {
			isa = PBXGroup;
			children = (
				C18AD41A1C3FEEEC00AA4CFD /* AppDelegate.swift */,
				C18AD41C1C3FEEEC00AA4CFD /* SearchViewController.swift */,
				C18AD41E1C3FEEEC00AA4CFD /* Main.storyboard */,
				C19991231C42C6FF0060B9C1 /* Assets.xcassets */,
				C18AD4261C3FEEEC00AA4CFD /* Info.plist */,
				C18E700D1C426C3A002E134F /* SearchResult.swift */,
				C18E700F1C4271C5002E134F /* SearchResultCell.xib */,
				C18E70111C4275DC002E134F /* SearchResultCell.swift */,
				C19B47061C43615D00809AF9 /* NothingFoundCell.xib */,
				C108CDE51C48CEDF00849923 /* LoadingCell.xib */,
				C18B812E1C4A173E00322E8D /* UIImageView+DownloadImage.swift */,
				C1C22ED01C4B55AC00A0E7AB /* DetailViewController.swift */,
				C1C22ED21C4B5AD700A0E7AB /* DimmingPresentationController.swift */,
			);
			path = StoreSearch;
			sourceTree = "<group>";
		};
		C18AD42E1C3FEEEC00AA4CFD /* StoreSearchTests */ = {
			isa = PBXGroup;
			children = (
				C18AD42F1C3FEEEC00AA4CFD /* StoreSearchTests.swift */,
				C18AD4311C3FEEEC00AA4CFD /* Info.plist */,
			);
			path = StoreSearchTests;
			sourceTree = "<group>";
		};
		C18AD4391C3FEEEC00AA4CFD /* StoreSearchUITests */ = {
			isa = PBXGroup;
			children = (
				C18AD43A1C3FEEEC00AA4CFD /* StoreSearchUITests.swift */,
				C18AD43C1C3FEEEC00AA4CFD /* Info.plist */,
			);
			path = StoreSearchUITests;
			sourceTree = "<group>";
		};
/* End PBXGroup section */

/* Begin PBXNativeTarget section */
		C18AD4161C3FEEEC00AA4CFD /* StoreSearch */ = {
			isa = PBXNativeTarget;
			buildConfigurationList = C18AD43F1C3FEEEC00AA4CFD /* Build configuration list for PBXNativeTarget "StoreSearch" */;
			buildPhases = (
				C18AD4131C3FEEEC00AA4CFD /* Sources */,
				C18AD4141C3FEEEC00AA4CFD /* Frameworks */,
				C18AD4151C3FEEEC00AA4CFD /* Resources */,
			);
			buildRules = (
			);
			dependencies = (
			);
			name = StoreSearch;
			productName = StoreSearch;
			productReference = C18AD4171C3FEEEC00AA4CFD /* StoreSearch.app */;
			productType = "com.apple.product-type.application";
		};
		C18AD42A1C3FEEEC00AA4CFD /* StoreSearchTests */ = {
			isa = PBXNativeTarget;
			buildConfigurationList = C18AD4421C3FEEEC00AA4CFD /* Build configuration list for PBXNativeTarget "StoreSearchTests" */;
			buildPhases = (
				C18AD4271C3FEEEC00AA4CFD /* Sources */,
				C18AD4281C3FEEEC00AA4CFD /* Frameworks */,
				C18AD4291C3FEEEC00AA4CFD /* Resources */,
			);
			buildRules = (
			);
			dependencies = (
				C18AD42D1C3FEEEC00AA4CFD /* PBXTargetDependency */,
			);
			name = StoreSearchTests;
			productName = StoreSearchTests;
			productReference = C18AD42B1C3FEEEC00AA4CFD /* StoreSearchTests.xctest */;
			productType = "com.apple.product-type.bundle.unit-test";
		};
		C18AD4351C3FEEEC00AA4CFD /* StoreSearchUITests */ = {
			isa = PBXNativeTarget;
			buildConfigurationList = C18AD4451C3FEEEC00AA4CFD /* Build configuration list for PBXNativeTarget "StoreSearchUITests" */;
			buildPhases = (
				C18AD4321C3FEEEC00AA4CFD /* Sources */,
				C18AD4331C3FEEEC00AA4CFD /* Frameworks */,
				C18AD4341C3FEEEC00AA4CFD /* Resources */,
			);
			buildRules = (
			);
			dependencies = (
				C18AD4381C3FEEEC00AA4CFD /* PBXTargetDependency */,
			);
			name = StoreSearchUITests;
			productName = StoreSearchUITests;
			productReference = C18AD4361C3FEEEC00AA4CFD /* StoreSearchUITests.xctest */;
			productType = "com.apple.product-type.bundle.ui-testing";
		};
/* End PBXNativeTarget section */

/* Begin PBXProject section */
		C18AD40F1C3FEEEC00AA4CFD /* Project object */ = {
			isa = PBXProject;
			attributes = {
				LastSwiftUpdateCheck = 0720;
				LastUpgradeCheck = 0720;
				ORGANIZATIONNAME = Shouri;
				TargetAttributes = {
					C18AD4161C3FEEEC00AA4CFD = {
						CreatedOnToolsVersion = 7.2;
						DevelopmentTeam = 52U4PBXLN9;
					};
					C18AD42A1C3FEEEC00AA4CFD = {
						CreatedOnToolsVersion = 7.2;
						DevelopmentTeam = 52U4PBXLN9;
						TestTargetID = C18AD4161C3FEEEC00AA4CFD;
					};
					C18AD4351C3FEEEC00AA4CFD = {
						CreatedOnToolsVersion = 7.2;
						DevelopmentTeam = 52U4PBXLN9;
						TestTargetID = C18AD4161C3FEEEC00AA4CFD;
					};
				};
			};
			buildConfigurationList = C18AD4121C3FEEEC00AA4CFD /* Build configuration list for PBXProject "StoreSearch" */;
			compatibilityVersion = "Xcode 3.2";
			developmentRegion = English;
			hasScannedForEncodings = 0;
			knownRegions = (
				en,
				Base,
			);
			mainGroup = C18AD40E1C3FEEEC00AA4CFD;
			productRefGroup = C18AD4181C3FEEEC00AA4CFD /* Products */;
			projectDirPath = "";
			projectRoot = "";
			targets = (
				C18AD4161C3FEEEC00AA4CFD /* StoreSearch */,
				C18AD42A1C3FEEEC00AA4CFD /* StoreSearchTests */,
				C18AD4351C3FEEEC00AA4CFD /* StoreSearchUITests */,
			);
		};
/* End PBXProject section */

/* Begin PBXResourcesBuildPhase section */
		C18AD4151C3FEEEC00AA4CFD /* Resources */ = {
			isa = PBXResourcesBuildPhase;
			buildActionMask = 2147483647;
			files = (
				C18E70101C4271C5002E134F /* SearchResultCell.xib in Resources */,
				C108CDE61C48CEDF00849923 /* LoadingCell.xib in Resources */,
				C19991241C42C6FF0060B9C1 /* Assets.xcassets in Resources */,
				C19B47071C43615D00809AF9 /* NothingFoundCell.xib in Resources */,
				C18AD4201C3FEEEC00AA4CFD /* Main.storyboard in Resources */,
			);
			runOnlyForDeploymentPostprocessing = 0;
		};
		C18AD4291C3FEEEC00AA4CFD /* Resources */ = {
			isa = PBXResourcesBuildPhase;
			buildActionMask = 2147483647;
			files = (
			);
			runOnlyForDeploymentPostprocessing = 0;
		};
		C18AD4341C3FEEEC00AA4CFD /* Resources */ = {
			isa = PBXResourcesBuildPhase;
			buildActionMask = 2147483647;
			files = (
			);
			runOnlyForDeploymentPostprocessing = 0;
		};
/* End PBXResourcesBuildPhase section */

/* Begin PBXSourcesBuildPhase section */
		C18AD4131C3FEEEC00AA4CFD /* Sources */ = {
			isa = PBXSourcesBuildPhase;
			buildActionMask = 2147483647;
			files = (
				C18AD41D1C3FEEEC00AA4CFD /* SearchViewController.swift in Sources */,
				C1C22ED31C4B5AD700A0E7AB /* DimmingPresentationController.swift in Sources */,
				C18E700E1C426C3A002E134F /* SearchResult.swift in Sources */,
				C18E70121C4275DC002E134F /* SearchResultCell.swift in Sources */,
				C1C22ED11C4B55AC00A0E7AB /* DetailViewController.swift in Sources */,
				C18AD41B1C3FEEEC00AA4CFD /* AppDelegate.swift in Sources */,
				C18B812F1C4A173E00322E8D /* UIImageView+DownloadImage.swift in Sources */,
			);
			runOnlyForDeploymentPostprocessing = 0;
		};
		C18AD4271C3FEEEC00AA4CFD /* Sources */ = {
			isa = PBXSourcesBuildPhase;
			buildActionMask = 2147483647;
			files = (
				C18AD4301C3FEEEC00AA4CFD /* StoreSearchTests.swift in Sources */,
			);
			runOnlyForDeploymentPostprocessing = 0;
		};
		C18AD4321C3FEEEC00AA4CFD /* Sources */ = {
			isa = PBXSourcesBuildPhase;
			buildActionMask = 2147483647;
			files = (
				C18AD43B1C3FEEEC00AA4CFD /* StoreSearchUITests.swift in Sources */,
			);
			runOnlyForDeploymentPostprocessing = 0;
		};
/* End PBXSourcesBuildPhase section */

/* Begin PBXTargetDependency section */
		C18AD42D1C3FEEEC00AA4CFD /* PBXTargetDependency */ = {
			isa = PBXTargetDependency;
			target = C18AD4161C3FEEEC00AA4CFD /* StoreSearch */;
			targetProxy = C18AD42C1C3FEEEC00AA4CFD /* PBXContainerItemProxy */;
		};
		C18AD4381C3FEEEC00AA4CFD /* PBXTargetDependency */ = {
			isa = PBXTargetDependency;
			target = C18AD4161C3FEEEC00AA4CFD /* StoreSearch */;
			targetProxy = C18AD4371C3FEEEC00AA4CFD /* PBXContainerItemProxy */;
		};
/* End PBXTargetDependency section */

/* Begin PBXVariantGroup section */
		C18AD41E1C3FEEEC00AA4CFD /* Main.storyboard */ = {
			isa = PBXVariantGroup;
			children = (
				C18AD41F1C3FEEEC00AA4CFD /* Base */,
			);
			name = Main.storyboard;
			sourceTree = "<group>";
		};
/* End PBXVariantGroup section */

/* Begin XCBuildConfiguration section */
		C18AD43D1C3FEEEC00AA4CFD /* Debug */ = {
			isa = XCBuildConfiguration;
			buildSettings = {
				ALWAYS_SEARCH_USER_PATHS = NO;
				CLANG_CXX_LANGUAGE_STANDARD = "gnu++0x";
				CLANG_CXX_LIBRARY = "libc++";
				CLANG_ENABLE_MODULES = YES;
				CLANG_ENABLE_OBJC_ARC = YES;
				CLANG_WARN_BOOL_CONVERSION = YES;
				CLANG_WARN_CONSTANT_CONVERSION = YES;
				CLANG_WARN_DIRECT_OBJC_ISA_USAGE = YES_ERROR;
				CLANG_WARN_EMPTY_BODY = YES;
				CLANG_WARN_ENUM_CONVERSION = YES;
				CLANG_WARN_INT_CONVERSION = YES;
				CLANG_WARN_OBJC_ROOT_CLASS = YES_ERROR;
				CLANG_WARN_UNREACHABLE_CODE = YES;
				CLANG_WARN__DUPLICATE_METHOD_MATCH = YES;
				"CODE_SIGN_IDENTITY[sdk=iphoneos*]" = "iPhone Developer";
				COPY_PHASE_STRIP = NO;
				DEBUG_INFORMATION_FORMAT = dwarf;
				ENABLE_STRICT_OBJC_MSGSEND = YES;
				ENABLE_TESTABILITY = YES;
				GCC_C_LANGUAGE_STANDARD = gnu99;
				GCC_DYNAMIC_NO_PIC = NO;
				GCC_NO_COMMON_BLOCKS = YES;
				GCC_OPTIMIZATION_LEVEL = 0;
				GCC_PREPROCESSOR_DEFINITIONS = (
					"DEBUG=1",
					"$(inherited)",
				);
				GCC_WARN_64_TO_32_BIT_CONVERSION = YES;
				GCC_WARN_ABOUT_RETURN_TYPE = YES_ERROR;
				GCC_WARN_UNDECLARED_SELECTOR = YES;
				GCC_WARN_UNINITIALIZED_AUTOS = YES_AGGRESSIVE;
				GCC_WARN_UNUSED_FUNCTION = YES;
				GCC_WARN_UNUSED_VARIABLE = YES;
				IPHONEOS_DEPLOYMENT_TARGET = 9.2;
				MTL_ENABLE_DEBUG_INFO = YES;
				ONLY_ACTIVE_ARCH = YES;
				SDKROOT = iphoneos;
				SWIFT_OPTIMIZATION_LEVEL = "-Onone";
			};
			name = Debug;
		};
		C18AD43E1C3FEEEC00AA4CFD /* Release */ = {
			isa = XCBuildConfiguration;
			buildSettings = {
				ALWAYS_SEARCH_USER_PATHS = NO;
				CLANG_CXX_LANGUAGE_STANDARD = "gnu++0x";
				CLANG_CXX_LIBRARY = "libc++";
				CLANG_ENABLE_MODULES = YES;
				CLANG_ENABLE_OBJC_ARC = YES;
				CLANG_WARN_BOOL_CONVERSION = YES;
				CLANG_WARN_CONSTANT_CONVERSION = YES;
				CLANG_WARN_DIRECT_OBJC_ISA_USAGE = YES_ERROR;
				CLANG_WARN_EMPTY_BODY = YES;
				CLANG_WARN_ENUM_CONVERSION = YES;
				CLANG_WARN_INT_CONVERSION = YES;
				CLANG_WARN_OBJC_ROOT_CLASS = YES_ERROR;
				CLANG_WARN_UNREACHABLE_CODE = YES;
				CLANG_WARN__DUPLICATE_METHOD_MATCH = YES;
				"CODE_SIGN_IDENTITY[sdk=iphoneos*]" = "iPhone Developer";
				COPY_PHASE_STRIP = NO;
				DEBUG_INFORMATION_FORMAT = "dwarf-with-dsym";
				ENABLE_NS_ASSERTIONS = NO;
				ENABLE_STRICT_OBJC_MSGSEND = YES;
				GCC_C_LANGUAGE_STANDARD = gnu99;
				GCC_NO_COMMON_BLOCKS = YES;
				GCC_WARN_64_TO_32_BIT_CONVERSION = YES;
				GCC_WARN_ABOUT_RETURN_TYPE = YES_ERROR;
				GCC_WARN_UNDECLARED_SELECTOR = YES;
				GCC_WARN_UNINITIALIZED_AUTOS = YES_AGGRESSIVE;
				GCC_WARN_UNUSED_FUNCTION = YES;
				GCC_WARN_UNUSED_VARIABLE = YES;
				IPHONEOS_DEPLOYMENT_TARGET = 9.2;
				MTL_ENABLE_DEBUG_INFO = NO;
				SDKROOT = iphoneos;
				VALIDATE_PRODUCT = YES;
			};
			name = Release;
		};
		C18AD4401C3FEEEC00AA4CFD /* Debug */ = {
			isa = XCBuildConfiguration;
			buildSettings = {
				ASSETCATALOG_COMPILER_APPICON_NAME = AppIcon;
				INFOPLIST_FILE = StoreSearch/Info.plist;
				LD_RUNPATH_SEARCH_PATHS = "$(inherited) @executable_path/Frameworks";
				PRODUCT_BUNDLE_IDENTIFIER = com.Shouri.StoreSearch;
				PRODUCT_NAME = "$(TARGET_NAME)";
			};
			name = Debug;
		};
		C18AD4411C3FEEEC00AA4CFD /* Release */ = {
			isa = XCBuildConfiguration;
			buildSettings = {
				ASSETCATALOG_COMPILER_APPICON_NAME = AppIcon;
				INFOPLIST_FILE = StoreSearch/Info.plist;
				LD_RUNPATH_SEARCH_PATHS = "$(inherited) @executable_path/Frameworks";
				PRODUCT_BUNDLE_IDENTIFIER = com.Shouri.StoreSearch;
				PRODUCT_NAME = "$(TARGET_NAME)";
			};
			name = Release;
		};
		C18AD4431C3FEEEC00AA4CFD /* Debug */ = {
			isa = XCBuildConfiguration;
			buildSettings = {
				BUNDLE_LOADER = "$(TEST_HOST)";
				INFOPLIST_FILE = StoreSearchTests/Info.plist;
				LD_RUNPATH_SEARCH_PATHS = "$(inherited) @executable_path/Frameworks @loader_path/Frameworks";
				PRODUCT_BUNDLE_IDENTIFIER = com.Shouri.StoreSearchTests;
				PRODUCT_NAME = "$(TARGET_NAME)";
				TEST_HOST = "$(BUILT_PRODUCTS_DIR)/StoreSearch.app/StoreSearch";
			};
			name = Debug;
		};
		C18AD4441C3FEEEC00AA4CFD /* Release */ = {
			isa = XCBuildConfiguration;
			buildSettings = {
				BUNDLE_LOADER = "$(TEST_HOST)";
				INFOPLIST_FILE = StoreSearchTests/Info.plist;
				LD_RUNPATH_SEARCH_PATHS = "$(inherited) @executable_path/Frameworks @loader_path/Frameworks";
				PRODUCT_BUNDLE_IDENTIFIER = com.Shouri.StoreSearchTests;
				PRODUCT_NAME = "$(TARGET_NAME)";
				TEST_HOST = "$(BUILT_PRODUCTS_DIR)/StoreSearch.app/StoreSearch";
			};
			name = Release;
		};
		C18AD4461C3FEEEC00AA4CFD /* Debug */ = {
			isa = XCBuildConfiguration;
			buildSettings = {
				INFOPLIST_FILE = StoreSearchUITests/Info.plist;
				LD_RUNPATH_SEARCH_PATHS = "$(inherited) @executable_path/Frameworks @loader_path/Frameworks";
				PRODUCT_BUNDLE_IDENTIFIER = com.Shouri.StoreSearchUITests;
				PRODUCT_NAME = "$(TARGET_NAME)";
				TEST_TARGET_NAME = StoreSearch;
				USES_XCTRUNNER = YES;
			};
			name = Debug;
		};
		C18AD4471C3FEEEC00AA4CFD /* Release */ = {
			isa = XCBuildConfiguration;
			buildSettings = {
				INFOPLIST_FILE = StoreSearchUITests/Info.plist;
				LD_RUNPATH_SEARCH_PATHS = "$(inherited) @executable_path/Frameworks @loader_path/Frameworks";
				PRODUCT_BUNDLE_IDENTIFIER = com.Shouri.StoreSearchUITests;
				PRODUCT_NAME = "$(TARGET_NAME)";
				TEST_TARGET_NAME = StoreSearch;
				USES_XCTRUNNER = YES;
			};
			name = Release;
		};
/* End XCBuildConfiguration section */

/* Begin XCConfigurationList section */
		C18AD4121C3FEEEC00AA4CFD /* Build configuration list for PBXProject "StoreSearch" */ = {
			isa = XCConfigurationList;
			buildConfigurations = (
				C18AD43D1C3FEEEC00AA4CFD /* Debug */,
				C18AD43E1C3FEEEC00AA4CFD /* Release */,
			);
			defaultConfigurationIsVisible = 0;
			defaultConfigurationName = Release;
		};
		C18AD43F1C3FEEEC00AA4CFD /* Build configuration list for PBXNativeTarget "StoreSearch" */ = {
			isa = XCConfigurationList;
			buildConfigurations = (
				C18AD4401C3FEEEC00AA4CFD /* Debug */,
				C18AD4411C3FEEEC00AA4CFD /* Release */,
			);
			defaultConfigurationIsVisible = 0;
			defaultConfigurationName = Release;
		};
		C18AD4421C3FEEEC00AA4CFD /* Build configuration list for PBXNativeTarget "StoreSearchTests" */ = {
			isa = XCConfigurationList;
			buildConfigurations = (
				C18AD4431C3FEEEC00AA4CFD /* Debug */,
				C18AD4441C3FEEEC00AA4CFD /* Release */,
			);
			defaultConfigurationIsVisible = 0;
			defaultConfigurationName = Release;
		};
		C18AD4451C3FEEEC00AA4CFD /* Build configuration list for PBXNativeTarget "StoreSearchUITests" */ = {
			isa = XCConfigurationList;
			buildConfigurations = (
				C18AD4461C3FEEEC00AA4CFD /* Debug */,
				C18AD4471C3FEEEC00AA4CFD /* Release */,
			);
			defaultConfigurationIsVisible = 0;
			defaultConfigurationName = Release;
		};
/* End XCConfigurationList section */
	};
	rootObject = C18AD40F1C3FEEEC00AA4CFD /* Project object */;
}
